
Microsoft Visual Studio Solution File, Format Version 12.00
# Visual Studio 15
VisualStudioVersion = 15.0.27130.2027
MinimumVisualStudioVersion = 10.0.40219.1
Project("{888888A0-9F3D-457C-B088-3A5042F75D52}") = "Bioinformatics Contest 2019 Qualifiers Problem1", "Bioinformatics Contest 2019 Qualifiers Problem1\Bioinformatics Contest 2019 Qualifiers Problem1.pyproj", "{F343341C-3F54-4890-B693-0032AB977B38}"
EndProject
Global
	GlobalSection(SolutionConfigurationPlatforms) = preSolution
		Debug|Any CPU = Debug|Any CPU
		Release|Any CPU = Release|Any CPU
	EndGlobalSection
	GlobalSection(ProjectConfigurationPlatforms) = postSolution
		{F343341C-3F54-4890-B693-0032AB977B38}.Debug|Any CPU.ActiveCfg = Debug|Any CPU
		{F343341C-3F54-4890-B693-0032AB977B38}.Release|Any CPU.ActiveCfg = Release|Any CPU
	EndGlobalSection
	GlobalSection(SolutionProperties) = preSolution
		HideSolutionNode = FALSE
	EndGlobalSection
	GlobalSection(ExtensibilityGlobals) = postSolution
		SolutionGuid = {188ADF0E-0553-4831-AE5B-F8B1FDC7E8E2}
	EndGlobalSection
EndGlobal
